
Microsoft Visual Studio Solution File, Format Version 12.00
# Visual Studio Version 16
VisualStudioVersion = 16.0.29728.190
MinimumVisualStudioVersion = 10.0.40219.1
Project("{9092AA53-FB77-4645-B42D-1CCCA6BD08BD}") = "HashCode-2020", "HashCode-2020.njsproj", "{7C78E7B8-06AF-4CDB-A62D-744CE3A520E1}"
EndProject
Global
	GlobalSection(SolutionConfigurationPlatforms) = preSolution
		Debug|Any CPU = Debug|Any CPU
		Release|Any CPU = Release|Any CPU
	EndGlobalSection
	GlobalSection(ProjectConfigurationPlatforms) = postSolution
		{7C78E7B8-06AF-4CDB-A62D-744CE3A520E1}.Debug|Any CPU.ActiveCfg = Debug|Any CPU
		{7C78E7B8-06AF-4CDB-A62D-744CE3A520E1}.Debug|Any CPU.Build.0 = Debug|Any CPU
		{7C78E7B8-06AF-4CDB-A62D-744CE3A520E1}.Release|Any CPU.ActiveCfg = Release|Any CPU
		{7C78E7B8-06AF-4CDB-A62D-744CE3A520E1}.Release|Any CPU.Build.0 = Release|Any CPU
	EndGlobalSection
	GlobalSection(SolutionProperties) = preSolution
		HideSolutionNode = FALSE
	EndGlobalSection
	GlobalSection(ExtensibilityGlobals) = postSolution
		SolutionGuid = {08BEE891-5DCD-4096-8D79-EA863B7E9468}
	EndGlobalSection
EndGlobal
